
Microsoft Visual Studio Solution File, Format Version 12.00
# Visual Studio Version 17
VisualStudioVersion = 17.1.32210.238
MinimumVisualStudioVersion = 10.0.40219.1
Project("{FAE04EC0-301F-11D3-BF4B-00C04F79EFBC}") = "PL", "PL\PL.csproj", "{0E4A593F-2B49-4190-B301-D36781A25FD3}"
EndProject
Project("{FAE04EC0-301F-11D3-BF4B-00C04F79EFBC}") = "BLL", "BLL\BLL.csproj", "{A15964A5-7A30-4A74-B38C-6AD4B8A5A7BD}"
EndProject
Project("{FAE04EC0-301F-11D3-BF4B-00C04F79EFBC}") = "DAL", "DAL\DAL.csproj", "{B5B2FE4E-0086-4BAF-A7BE-CBEE03ED2128}"
EndProject
Project("{FAE04EC0-301F-11D3-BF4B-00C04F79EFBC}") = "DTO", "DTO\DTO.csproj", "{58A8629B-1BCB-46BC-84BD-47495352C6C0}"
EndProject
Project("{9A19103F-16F7-4668-BE54-9A1E7A4F7556}") = "BLL.Tests", "BLL.Tests\BLL.Tests.csproj", "{43D37A03-032F-4730-8543-22A9902447B1}"
EndProject
Project("{2150E333-8FDC-42A3-9474-1A3956D46DE8}") = "tests", "tests", "{EC3BA6B5-724C-49C5-99DC-07B36EA323DB}"
EndProject
Project("{2150E333-8FDC-42A3-9474-1A3956D46DE8}") = "src", "src", "{5ABD16FB-9430-47ED-B276-E7AD074BAEF7}"
EndProject
Project("{FAE04EC0-301F-11D3-BF4B-00C04F79EFBC}") = "DAL.Tests", "DAL.Tests\DAL.Tests.csproj", "{A376EE94-89DC-4E98-B44B-1A12D7FFFCFB}"
EndProject
Global
	GlobalSection(SolutionConfigurationPlatforms) = preSolution
		Debug|Any CPU = Debug|Any CPU
		Release|Any CPU = Release|Any CPU
	EndGlobalSection
	GlobalSection(ProjectConfigurationPlatforms) = postSolution
		{0E4A593F-2B49-4190-B301-D36781A25FD3}.Debug|Any CPU.ActiveCfg = Debug|Any CPU
		{0E4A593F-2B49-4190-B301-D36781A25FD3}.Debug|Any CPU.Build.0 = Debug|Any CPU
		{0E4A593F-2B49-4190-B301-D36781A25FD3}.Release|Any CPU.ActiveCfg = Release|Any CPU
		{0E4A593F-2B49-4190-B301-D36781A25FD3}.Release|Any CPU.Build.0 = Release|Any CPU
		{A15964A5-7A30-4A74-B38C-6AD4B8A5A7BD}.Debug|Any CPU.ActiveCfg = Debug|Any CPU
		{A15964A5-7A30-4A74-B38C-6AD4B8A5A7BD}.Debug|Any CPU.Build.0 = Debug|Any CPU
		{A15964A5-7A30-4A74-B38C-6AD4B8A5A7BD}.Release|Any CPU.ActiveCfg = Release|Any CPU
		{A15964A5-7A30-4A74-B38C-6AD4B8A5A7BD}.Release|Any CPU.Build.0 = Release|Any CPU
		{B5B2FE4E-0086-4BAF-A7BE-CBEE03ED2128}.Debug|Any CPU.ActiveCfg = Debug|Any CPU
		{B5B2FE4E-0086-4BAF-A7BE-CBEE03ED2128}.Debug|Any CPU.Build.0 = Debug|Any CPU
		{B5B2FE4E-0086-4BAF-A7BE-CBEE03ED2128}.Release|Any CPU.ActiveCfg = Release|Any CPU
		{B5B2FE4E-0086-4BAF-A7BE-CBEE03ED2128}.Release|Any CPU.Build.0 = Release|Any CPU
		{58A8629B-1BCB-46BC-84BD-47495352C6C0}.Debug|Any CPU.ActiveCfg = Debug|Any CPU
		{58A8629B-1BCB-46BC-84BD-47495352C6C0}.Debug|Any CPU.Build.0 = Debug|Any CPU
		{58A8629B-1BCB-46BC-84BD-47495352C6C0}.Release|Any CPU.ActiveCfg = Release|Any CPU
		{58A8629B-1BCB-46BC-84BD-47495352C6C0}.Release|Any CPU.Build.0 = Release|Any CPU
		{43D37A03-032F-4730-8543-22A9902447B1}.Debug|Any CPU.ActiveCfg = Debug|Any CPU
		{43D37A03-032F-4730-8543-22A9902447B1}.Debug|Any CPU.Build.0 = Debug|Any CPU
		{43D37A03-032F-4730-8543-22A9902447B1}.Release|Any CPU.ActiveCfg = Release|Any CPU
		{43D37A03-032F-4730-8543-22A9902447B1}.Release|Any CPU.Build.0 = Release|Any CPU
		{A376EE94-89DC-4E98-B44B-1A12D7FFFCFB}.Debug|Any CPU.ActiveCfg = Debug|Any CPU
		{A376EE94-89DC-4E98-B44B-1A12D7FFFCFB}.Debug|Any CPU.Build.0 = Debug|Any CPU
		{A376EE94-89DC-4E98-B44B-1A12D7FFFCFB}.Release|Any CPU.ActiveCfg = Release|Any CPU
		{A376EE94-89DC-4E98-B44B-1A12D7FFFCFB}.Release|Any CPU.Build.0 = Release|Any CPU
	EndGlobalSection
	GlobalSection(SolutionProperties) = preSolution
		HideSolutionNode = FALSE
	EndGlobalSection
	GlobalSection(NestedProjects) = preSolution
		{0E4A593F-2B49-4190-B301-D36781A25FD3} = {5ABD16FB-9430-47ED-B276-E7AD074BAEF7}
		{A15964A5-7A30-4A74-B38C-6AD4B8A5A7BD} = {5ABD16FB-9430-47ED-B276-E7AD074BAEF7}
		{B5B2FE4E-0086-4BAF-A7BE-CBEE03ED2128} = {5ABD16FB-9430-47ED-B276-E7AD074BAEF7}
		{58A8629B-1BCB-46BC-84BD-47495352C6C0} = {5ABD16FB-9430-47ED-B276-E7AD074BAEF7}
		{43D37A03-032F-4730-8543-22A9902447B1} = {EC3BA6B5-724C-49C5-99DC-07B36EA323DB}
		{A376EE94-89DC-4E98-B44B-1A12D7FFFCFB} = {EC3BA6B5-724C-49C5-99DC-07B36EA323DB}
	EndGlobalSection
	GlobalSection(ExtensibilityGlobals) = postSolution
		SolutionGuid = {DAA855D2-8A6A-48DC-BF8D-FF0D54CEB6D0}
	EndGlobalSection
EndGlobal
